
Microsoft Visual Studio Solution File, Format Version 12.00
# Visual Studio 2017
Project("{FAE04EC0-301F-11D3-BF4B-00C04F79EFBC}") = "Buzzzy as a Bee", "Buzzzy as a Bee.csproj", "{C84ECB06-790B-2412-8351-2B2CB3E3B04E}"
EndProject
Project("{FAE04EC0-301F-11D3-BF4B-00C04F79EFBC}") = "Buzzzy as a Bee.Plugins", "Buzzzy as a Bee.Plugins.csproj", "{A19DD3EC-FB5A-4888-73CC-37080597F2D1}"
EndProject
Project("{FAE04EC0-301F-11D3-BF4B-00C04F79EFBC}") = "Buzzzy as a Bee.Editor.Plugins", "Buzzzy as a Bee.Editor.Plugins.csproj", "{FE0455CA-C215-49BC-F2F5-709BAFD40E6F}"
EndProject
Global
	GlobalSection(SolutionConfigurationPlatforms) = preSolution
		Debug|Any CPU = Debug|Any CPU
		Release|Any CPU = Release|Any CPU
	EndGlobalSection
	GlobalSection(ProjectConfigurationPlatforms) = postSolution
		{C84ECB06-790B-2412-8351-2B2CB3E3B04E}.Debug|Any CPU.ActiveCfg = Debug|Any CPU
		{C84ECB06-790B-2412-8351-2B2CB3E3B04E}.Debug|Any CPU.Build.0 = Debug|Any CPU
		{C84ECB06-790B-2412-8351-2B2CB3E3B04E}.Release|Any CPU.ActiveCfg = Release|Any CPU
		{C84ECB06-790B-2412-8351-2B2CB3E3B04E}.Release|Any CPU.Build.0 = Release|Any CPU
		{A19DD3EC-FB5A-4888-73CC-37080597F2D1}.Debug|Any CPU.ActiveCfg = Debug|Any CPU
		{A19DD3EC-FB5A-4888-73CC-37080597F2D1}.Debug|Any CPU.Build.0 = Debug|Any CPU
		{A19DD3EC-FB5A-4888-73CC-37080597F2D1}.Release|Any CPU.ActiveCfg = Release|Any CPU
		{A19DD3EC-FB5A-4888-73CC-37080597F2D1}.Release|Any CPU.Build.0 = Release|Any CPU
		{FE0455CA-C215-49BC-F2F5-709BAFD40E6F}.Debug|Any CPU.ActiveCfg = Debug|Any CPU
		{FE0455CA-C215-49BC-F2F5-709BAFD40E6F}.Debug|Any CPU.Build.0 = Debug|Any CPU
		{FE0455CA-C215-49BC-F2F5-709BAFD40E6F}.Release|Any CPU.ActiveCfg = Release|Any CPU
		{FE0455CA-C215-49BC-F2F5-709BAFD40E6F}.Release|Any CPU.Build.0 = Release|Any CPU
	EndGlobalSection
	GlobalSection(SolutionProperties) = preSolution
		HideSolutionNode = FALSE
	EndGlobalSection
EndGlobal
